
Microsoft Visual Studio Solution File, Format Version 12.00
# Visual Studio Version 17
VisualStudioVersion = 17.13.35806.99 d17.13
MinimumVisualStudioVersion = 10.0.40219.1
Project("{FAE04EC0-301F-11D3-BF4B-00C04F79EFBC}") = "NestedCrud.API", "NestedCrud.API\NestedCrud.API.csproj", "{EFF8F3A7-83EE-49A3-B633-216B3D1D650A}"
EndProject
Global
	GlobalSection(SolutionConfigurationPlatforms) = preSolution
		Debug|Any CPU = Debug|Any CPU
		Release|Any CPU = Release|Any CPU
	EndGlobalSection
	GlobalSection(ProjectConfigurationPlatforms) = postSolution
		{EFF8F3A7-83EE-49A3-B633-216B3D1D650A}.Debug|Any CPU.ActiveCfg = Debug|Any CPU
		{EFF8F3A7-83EE-49A3-B633-216B3D1D650A}.Debug|Any CPU.Build.0 = Debug|Any CPU
		{EFF8F3A7-83EE-49A3-B633-216B3D1D650A}.Release|Any CPU.ActiveCfg = Release|Any CPU
		{EFF8F3A7-83EE-49A3-B633-216B3D1D650A}.Release|Any CPU.Build.0 = Release|Any CPU
	EndGlobalSection
	GlobalSection(SolutionProperties) = preSolution
		HideSolutionNode = FALSE
	EndGlobalSection
	GlobalSection(ExtensibilityGlobals) = postSolution
		SolutionGuid = {5DD3296E-42E8-4AE4-A2E9-5658B6738FC6}
	EndGlobalSection
EndGlobal
